
Microsoft Visual Studio Solution File, Format Version 12.00
# Visual Studio 15
VisualStudioVersion = 15.0.28307.572
MinimumVisualStudioVersion = 10.0.40219.1
Project("{FAE04EC0-301F-11D3-BF4B-00C04F79EFBC}") = "WebApi", "WebApi\WebApi.csproj", "{2CAE3B14-B9C0-4E35-8152-68C0C4BD9B16}"
EndProject
Global
	GlobalSection(SolutionConfigurationPlatforms) = preSolution
		Debug|Any CPU = Debug|Any CPU
		Release|Any CPU = Release|Any CPU
	EndGlobalSection
	GlobalSection(ProjectConfigurationPlatforms) = postSolution
		{2CAE3B14-B9C0-4E35-8152-68C0C4BD9B16}.Debug|Any CPU.ActiveCfg = Debug|Any CPU
		{2CAE3B14-B9C0-4E35-8152-68C0C4BD9B16}.Debug|Any CPU.Build.0 = Debug|Any CPU
		{2CAE3B14-B9C0-4E35-8152-68C0C4BD9B16}.Release|Any CPU.ActiveCfg = Release|Any CPU
		{2CAE3B14-B9C0-4E35-8152-68C0C4BD9B16}.Release|Any CPU.Build.0 = Release|Any CPU
	EndGlobalSection
	GlobalSection(SolutionProperties) = preSolution
		HideSolutionNode = FALSE
	EndGlobalSection
	GlobalSection(ExtensibilityGlobals) = postSolution
		SolutionGuid = {3F175CF2-8EB6-4C80-967D-4A6F75BB0EE2}
	EndGlobalSection
EndGlobal
