
Microsoft Visual Studio Solution File, Format Version 12.00
# Visual Studio Version 16
VisualStudioVersion = 16.0.28803.352
MinimumVisualStudioVersion = 10.0.40219.1
Project("{9A19103F-16F7-4668-BE54-9A1E7A4F7556}") = "WebApi", "WebApi\WebApi.csproj", "{2CAE3B14-B9C0-4E35-8152-68C0C4BD9B16}"
EndProject
Project("{2150E333-8FDC-42A3-9474-1A3956D46DE8}") = "1 - Application", "1 - Application", "{57F5CF1E-5690-4356-B11F-2615932A26BC}"
EndProject
Project("{2150E333-8FDC-42A3-9474-1A3956D46DE8}") = "3 - Service", "3 - Service", "{F3259A46-0BFE-4173-A9F4-0E77A13B725D}"
EndProject
Project("{2150E333-8FDC-42A3-9474-1A3956D46DE8}") = "4 - Infra", "4 - Infra", "{531C42B3-4610-4B46-A4B1-89D7C3DB9E63}"
EndProject
Project("{2150E333-8FDC-42A3-9474-1A3956D46DE8}") = "4.1 - Data", "4.1 - Data", "{13F34DC0-195A-46D5-96D1-64DABC5C6F29}"
EndProject
Project("{2150E333-8FDC-42A3-9474-1A3956D46DE8}") = "4.2 - CrossCutting", "4.2 - CrossCutting", "{23D0B143-D91D-40D1-AFA6-EB6A2F6233B3}"
EndProject
Project("{9A19103F-16F7-4668-BE54-9A1E7A4F7556}") = "Modelo.Service", "Modelo.Service\Modelo.Service.csproj", "{F7C45EF0-15DC-4DCC-A299-A310CCF853E4}"
EndProject
Project("{9A19103F-16F7-4668-BE54-9A1E7A4F7556}") = "Modelo.Infra.Data", "Modelo.Infra.Data\Modelo.Infra.Data.csproj", "{879857B8-33A9-47C5-B29F-665F2758943D}"
EndProject
Project("{9A19103F-16F7-4668-BE54-9A1E7A4F7556}") = "Modelo.Infra.CrossCutting", "Modelo.Infra.CrossCutting\Modelo.Infra.CrossCutting.csproj", "{40609271-5782-413B-92F3-7E6D4391DF0C}"
EndProject
Project("{2150E333-8FDC-42A3-9474-1A3956D46DE8}") = "2 - Domain", "2 - Domain", "{D77CB2CB-6A86-4B3B-A0A4-15CA312C3BDE}"
EndProject
Project("{FAE04EC0-301F-11D3-BF4B-00C04F79EFBC}") = "Modelo.Domain", "Modelo.Domain\Modelo.Domain.csproj", "{8B827D18-88E9-4825-B029-56EBA231F226}"
EndProject
Global
	GlobalSection(SolutionConfigurationPlatforms) = preSolution
		Debug|Any CPU = Debug|Any CPU
		Release|Any CPU = Release|Any CPU
	EndGlobalSection
	GlobalSection(ProjectConfigurationPlatforms) = postSolution
		{2CAE3B14-B9C0-4E35-8152-68C0C4BD9B16}.Debug|Any CPU.ActiveCfg = Debug|Any CPU
		{2CAE3B14-B9C0-4E35-8152-68C0C4BD9B16}.Debug|Any CPU.Build.0 = Debug|Any CPU
		{2CAE3B14-B9C0-4E35-8152-68C0C4BD9B16}.Release|Any CPU.ActiveCfg = Release|Any CPU
		{2CAE3B14-B9C0-4E35-8152-68C0C4BD9B16}.Release|Any CPU.Build.0 = Release|Any CPU
		{F7C45EF0-15DC-4DCC-A299-A310CCF853E4}.Debug|Any CPU.ActiveCfg = Debug|Any CPU
		{F7C45EF0-15DC-4DCC-A299-A310CCF853E4}.Debug|Any CPU.Build.0 = Debug|Any CPU
		{F7C45EF0-15DC-4DCC-A299-A310CCF853E4}.Release|Any CPU.ActiveCfg = Release|Any CPU
		{F7C45EF0-15DC-4DCC-A299-A310CCF853E4}.Release|Any CPU.Build.0 = Release|Any CPU
		{879857B8-33A9-47C5-B29F-665F2758943D}.Debug|Any CPU.ActiveCfg = Debug|Any CPU
		{879857B8-33A9-47C5-B29F-665F2758943D}.Debug|Any CPU.Build.0 = Debug|Any CPU
		{879857B8-33A9-47C5-B29F-665F2758943D}.Release|Any CPU.ActiveCfg = Release|Any CPU
		{879857B8-33A9-47C5-B29F-665F2758943D}.Release|Any CPU.Build.0 = Release|Any CPU
		{40609271-5782-413B-92F3-7E6D4391DF0C}.Debug|Any CPU.ActiveCfg = Debug|Any CPU
		{40609271-5782-413B-92F3-7E6D4391DF0C}.Debug|Any CPU.Build.0 = Debug|Any CPU
		{40609271-5782-413B-92F3-7E6D4391DF0C}.Release|Any CPU.ActiveCfg = Release|Any CPU
		{40609271-5782-413B-92F3-7E6D4391DF0C}.Release|Any CPU.Build.0 = Release|Any CPU
		{8B827D18-88E9-4825-B029-56EBA231F226}.Debug|Any CPU.ActiveCfg = Debug|Any CPU
		{8B827D18-88E9-4825-B029-56EBA231F226}.Debug|Any CPU.Build.0 = Debug|Any CPU
		{8B827D18-88E9-4825-B029-56EBA231F226}.Release|Any CPU.ActiveCfg = Release|Any CPU
		{8B827D18-88E9-4825-B029-56EBA231F226}.Release|Any CPU.Build.0 = Release|Any CPU
	EndGlobalSection
	GlobalSection(SolutionProperties) = preSolution
		HideSolutionNode = FALSE
	EndGlobalSection
	GlobalSection(NestedProjects) = preSolution
		{2CAE3B14-B9C0-4E35-8152-68C0C4BD9B16} = {57F5CF1E-5690-4356-B11F-2615932A26BC}
		{13F34DC0-195A-46D5-96D1-64DABC5C6F29} = {531C42B3-4610-4B46-A4B1-89D7C3DB9E63}
		{23D0B143-D91D-40D1-AFA6-EB6A2F6233B3} = {531C42B3-4610-4B46-A4B1-89D7C3DB9E63}
		{F7C45EF0-15DC-4DCC-A299-A310CCF853E4} = {F3259A46-0BFE-4173-A9F4-0E77A13B725D}
		{879857B8-33A9-47C5-B29F-665F2758943D} = {13F34DC0-195A-46D5-96D1-64DABC5C6F29}
		{40609271-5782-413B-92F3-7E6D4391DF0C} = {23D0B143-D91D-40D1-AFA6-EB6A2F6233B3}
		{8B827D18-88E9-4825-B029-56EBA231F226} = {D77CB2CB-6A86-4B3B-A0A4-15CA312C3BDE}
	EndGlobalSection
	GlobalSection(ExtensibilityGlobals) = postSolution
		SolutionGuid = {3F175CF2-8EB6-4C80-967D-4A6F75BB0EE2}
	EndGlobalSection
EndGlobal
